
Microsoft Visual Studio Solution File, Format Version 12.00
# Visual Studio 15
VisualStudioVersion = 15.0.27703.2035
MinimumVisualStudioVersion = 10.0.40219.1
Project("{9A19103F-16F7-4668-BE54-9A1E7A4F7556}") = "BorwellChallenge", "BorwellChallenge\BorwellChallenge.csproj", "{95DD5839-3AFD-4EE7-9B81-8DB990CE57B8}"
EndProject
Project("{FAE04EC0-301F-11D3-BF4B-00C04F79EFBC}") = "BorwellChallengeTests", "BorwellChallengeTests\BorwellChallengeTests.csproj", "{0D044ABE-253E-4B3F-B77D-2809967F7930}"
EndProject
Project("{FAE04EC0-301F-11D3-BF4B-00C04F79EFBC}") = "UnitTestProject1", "UnitTestProject1\UnitTestProject1.csproj", "{2C90C12F-E695-4DF8-96EB-D4AA1F744481}"
EndProject
Global
	GlobalSection(SolutionConfigurationPlatforms) = preSolution
		Debug|Any CPU = Debug|Any CPU
		Release|Any CPU = Release|Any CPU
	EndGlobalSection
	GlobalSection(ProjectConfigurationPlatforms) = postSolution
		{95DD5839-3AFD-4EE7-9B81-8DB990CE57B8}.Debug|Any CPU.ActiveCfg = Debug|Any CPU
		{95DD5839-3AFD-4EE7-9B81-8DB990CE57B8}.Debug|Any CPU.Build.0 = Debug|Any CPU
		{95DD5839-3AFD-4EE7-9B81-8DB990CE57B8}.Release|Any CPU.ActiveCfg = Release|Any CPU
		{95DD5839-3AFD-4EE7-9B81-8DB990CE57B8}.Release|Any CPU.Build.0 = Release|Any CPU
		{0D044ABE-253E-4B3F-B77D-2809967F7930}.Debug|Any CPU.ActiveCfg = Debug|Any CPU
		{0D044ABE-253E-4B3F-B77D-2809967F7930}.Debug|Any CPU.Build.0 = Debug|Any CPU
		{0D044ABE-253E-4B3F-B77D-2809967F7930}.Release|Any CPU.ActiveCfg = Release|Any CPU
		{0D044ABE-253E-4B3F-B77D-2809967F7930}.Release|Any CPU.Build.0 = Release|Any CPU
		{2C90C12F-E695-4DF8-96EB-D4AA1F744481}.Debug|Any CPU.ActiveCfg = Debug|Any CPU
		{2C90C12F-E695-4DF8-96EB-D4AA1F744481}.Debug|Any CPU.Build.0 = Debug|Any CPU
		{2C90C12F-E695-4DF8-96EB-D4AA1F744481}.Release|Any CPU.ActiveCfg = Release|Any CPU
		{2C90C12F-E695-4DF8-96EB-D4AA1F744481}.Release|Any CPU.Build.0 = Release|Any CPU
	EndGlobalSection
	GlobalSection(SolutionProperties) = preSolution
		HideSolutionNode = FALSE
	EndGlobalSection
	GlobalSection(ExtensibilityGlobals) = postSolution
		SolutionGuid = {A572EB2D-F698-497F-9ECE-E4FE5042C6F1}
	EndGlobalSection
EndGlobal
